
Microsoft Visual Studio Solution File, Format Version 12.00
# Visual Studio Version 17
VisualStudioVersion = 17.7.34221.43
MinimumVisualStudioVersion = 10.0.40219.1
Project("{FAE04EC0-301F-11D3-BF4B-00C04F79EFBC}") = "Project kalkulator lombok", "Project kalkulator lombok\Project kalkulator lombok.csproj", "{120A9048-A643-4B3E-9E39-34AD8893ED75}"
EndProject
Global
	GlobalSection(SolutionConfigurationPlatforms) = preSolution
		Debug|Any CPU = Debug|Any CPU
		Release|Any CPU = Release|Any CPU
	EndGlobalSection
	GlobalSection(ProjectConfigurationPlatforms) = postSolution
		{120A9048-A643-4B3E-9E39-34AD8893ED75}.Debug|Any CPU.ActiveCfg = Debug|Any CPU
		{120A9048-A643-4B3E-9E39-34AD8893ED75}.Debug|Any CPU.Build.0 = Debug|Any CPU
		{120A9048-A643-4B3E-9E39-34AD8893ED75}.Release|Any CPU.ActiveCfg = Release|Any CPU
		{120A9048-A643-4B3E-9E39-34AD8893ED75}.Release|Any CPU.Build.0 = Release|Any CPU
	EndGlobalSection
	GlobalSection(SolutionProperties) = preSolution
		HideSolutionNode = FALSE
	EndGlobalSection
	GlobalSection(ExtensibilityGlobals) = postSolution
		SolutionGuid = {A8E8AC77-4199-465E-8351-2FA7B97D7E90}
	EndGlobalSection
EndGlobal
